{
  "version": 4,
  "terraform_version": "1.15.8",
  "serial": 88,
  "lineage": "9fcb5f8d-8b6e-d9f2-4323-508d7b1ff847",
  "outputs": {},
  "resources": [
    {
      "mode": "managed",
      "type": "azurerm_resource_group",
      "name": "rg-webapp",
      "provider": "provider[\"registry.terraform.io/hashicorp/azurerm\"]",
      "instances": [
        {
          "schema_version": 0,
          "attributes": {
            "id": "/subscriptions/4b4511ba-165a-4df2-be28-75937cfe1031/resourceGroups/rg-webapp",
            "location": "eastasia",
            "managed_by": "",
            "name": "rg-webapp",
            "tags": {},
            "timeouts": null
          },
          "sensitive_attributes": [],
          "identity_schema_version": 0,
          "identity": {
            "name": "rg-webapp",
            "subscription_id": "4b4511ba-165a-4df2-be28-75937cfe1031"
          },
          "private": "eyJlMmJmYjczMC1lY2FhLTExZTYtOGY4OC0zNDM2M2JjN2M0YzAiOnsiY3JlYXRlIjo1NDAwMDAwMDAwMDAwLCJkZWxldGUiOjU0MDAwMDAwMDAwMDAsInJlYWQiOjMwMDAwMDAwMDAwMCwidXBkYXRlIjo1NDAwMDAwMDAwMDAwfX0="
        }
      ]
    },
    {
      "module": "module.network-webapp",
      "mode": "managed",
      "type": "azurerm_network_interface",
      "name": "nic",
      "provider": "provider[\"registry.terraform.io/hashicorp/azurerm\"]",
      "instances": [
        {
          "schema_version": 0,
          "attributes": {
            "accelerated_networking_enabled": false,
            "applied_dns_servers": [],
            "auxiliary_mode": "",
            "auxiliary_sku": "",
            "dns_servers": [],
            "edge_zone": "",
            "id": "/subscriptions/4b4511ba-165a-4df2-be28-75937cfe1031/resourceGroups/rg-webapp/providers/Microsoft.Network/networkInterfaces/nic-webapp",
            "internal_dns_name_label": "",
            "internal_domain_name_suffix": "ettkuhmzhesuvpal1yv4wo5odh.hx.internal.cloudapp.net",
            "ip_configuration": [
              {
                "gateway_load_balancer_frontend_ip_configuration_id": "",
                "name": "ipconfig1",
                "primary": true,
                "private_ip_address": "10.1.0.4",
                "private_ip_address_allocation": "Dynamic",
                "private_ip_address_version": "IPv4",
                "public_ip_address_id": "/subscriptions/4b4511ba-165a-4df2-be28-75937cfe1031/resourceGroups/rg-webapp/providers/Microsoft.Network/publicIPAddresses/pip-webapp",
                "subnet_id": "/subscriptions/4b4511ba-165a-4df2-be28-75937cfe1031/resourceGroups/rg-webapp/providers/Microsoft.Network/virtualNetworks/vnet-webapp/subnets/subnet1"
              }
            ],
            "ip_forwarding_enabled": false,
            "location": "eastasia",
            "mac_address": "60-45-BD-57-95-65",
            "name": "nic-webapp",
            "private_ip_address": "10.1.0.4",
            "private_ip_addresses": [
              "10.1.0.4"
            ],
            "resource_group_name": "rg-webapp",
            "tags": {},
            "timeouts": null,
            "virtual_machine_id": "/subscriptions/4b4511ba-165a-4df2-be28-75937cfe1031/resourceGroups/rg-webapp/providers/Microsoft.Compute/virtualMachines/vm-webapp"
          },
          "sensitive_attributes": [],
          "identity_schema_version": 0,
          "identity": {
            "name": "nic-webapp",
            "resource_group_name": "rg-webapp",
            "subscription_id": "4b4511ba-165a-4df2-be28-75937cfe1031"
          },
          "private": "eyJlMmJmYjczMC1lY2FhLTExZTYtOGY4OC0zNDM2M2JjN2M0YzAiOnsiY3JlYXRlIjoxODAwMDAwMDAwMDAwLCJkZWxldGUiOjE4MDAwMDAwMDAwMDAsInJlYWQiOjMwMDAwMDAwMDAwMCwidXBkYXRlIjoxODAwMDAwMDAwMDAwfX0=",
          "dependencies": [
            "azurerm_resource_group.rg-webapp",
            "module.network-webapp.azurerm_public_ip.pip",
            "module.network-webapp.azurerm_subnet.subnet1",
            "module.network-webapp.azurerm_virtual_network.vnet"
          ]
        }
      ]
    },
    {
      "module": "module.network-webapp",
      "mode": "managed",
      "type": "azurerm_public_ip",
      "name": "pip",
      "provider": "provider[\"registry.terraform.io/hashicorp/azurerm\"]",
      "instances": [
        {
          "schema_version": 0,
          "attributes": {
            "allocation_method": "Static",
            "ddos_protection_mode": "VirtualNetworkInherited",
            "ddos_protection_plan_id": null,
            "domain_name_label": "",
            "domain_name_label_scope": "",
            "edge_zone": "",
            "fqdn": "",
            "id": "/subscriptions/4b4511ba-165a-4df2-be28-75937cfe1031/resourceGroups/rg-webapp/providers/Microsoft.Network/publicIPAddresses/pip-webapp",
            "idle_timeout_in_minutes": 4,
            "ip_address": "104.208.100.105",
            "ip_tags": {},
            "ip_version": "IPv4",
            "location": "eastasia",
            "name": "pip-webapp",
            "public_ip_prefix_id": null,
            "resource_group_name": "rg-webapp",
            "reverse_fqdn": "",
            "sku": "Standard",
            "sku_tier": "Regional",
            "tags": {
              "environment": "dev"
            },
            "timeouts": null,
            "zones": []
          },
          "sensitive_attributes": [],
          "identity_schema_version": 0,
          "identity": {
            "name": "pip-webapp",
            "resource_group_name": "rg-webapp",
            "subscription_id": "4b4511ba-165a-4df2-be28-75937cfe1031"
          },
          "private": "eyJlMmJmYjczMC1lY2FhLTExZTYtOGY4OC0zNDM2M2JjN2M0YzAiOnsiY3JlYXRlIjoxODAwMDAwMDAwMDAwLCJkZWxldGUiOjE4MDAwMDAwMDAwMDAsInJlYWQiOjMwMDAwMDAwMDAwMCwidXBkYXRlIjoxODAwMDAwMDAwMDAwfX0=",
          "dependencies": [
            "azurerm_resource_group.rg-webapp"
          ]
        }
      ]
    },
    {
      "module": "module.network-webapp",
      "mode": "managed",
      "type": "azurerm_subnet",
      "name": "subnet1",
      "provider": "provider[\"registry.terraform.io/hashicorp/azurerm\"]",
      "instances": [
        {
          "schema_version": 0,
          "attributes": {
            "address_prefixes": [
              "10.1.0.0/24"
            ],
            "default_outbound_access_enabled": true,
            "delegation": [],
            "id": "/subscriptions/4b4511ba-165a-4df2-be28-75937cfe1031/resourceGroups/rg-webapp/providers/Microsoft.Network/virtualNetworks/vnet-webapp/subnets/subnet1",
            "ip_address_pool": [],
            "name": "subnet1",
            "network_security_group_id": "/subscriptions/4b4511ba-165a-4df2-be28-75937cfe1031/resourceGroups/rg-webapp/providers/Microsoft.Network/networkSecurityGroups/rg-webapp-nsg",
            "network_security_group_id_wo": null,
            "network_security_group_id_wo_version": 0,
            "private_endpoint_network_policies": "Disabled",
            "private_link_service_network_policies_enabled": true,
            "resource_group_name": "rg-webapp",
            "route_table_id": "",
            "route_table_id_wo": null,
            "route_table_id_wo_version": 0,
            "service_endpoint": [],
            "service_endpoint_policy_ids": [],
            "sharing_scope": "",
            "timeouts": null,
            "virtual_network_name": "vnet-webapp"
          },
          "sensitive_attributes": [],
          "identity_schema_version": 0,
          "identity": {
            "name": "subnet1",
            "resource_group_name": "rg-webapp",
            "subscription_id": "4b4511ba-165a-4df2-be28-75937cfe1031",
            "virtual_network_name": "vnet-webapp"
          },
          "private": "eyJlMmJmYjczMC1lY2FhLTExZTYtOGY4OC0zNDM2M2JjN2M0YzAiOnsiY3JlYXRlIjoxODAwMDAwMDAwMDAwLCJkZWxldGUiOjE4MDAwMDAwMDAwMDAsInJlYWQiOjMwMDAwMDAwMDAwMCwidXBkYXRlIjoxODAwMDAwMDAwMDAwfX0=",
          "dependencies": [
            "azurerm_resource_group.rg-webapp",
            "module.network-webapp.azurerm_virtual_network.vnet"
          ]
        }
      ]
    },
    {
      "module": "module.network-webapp",
      "mode": "managed",
      "type": "azurerm_virtual_network",
      "name": "vnet",
      "provider": "provider[\"registry.terraform.io/hashicorp/azurerm\"]",
      "instances": [
        {
          "schema_version": 0,
          "attributes": {
            "address_space": [
              "10.1.0.0/16"
            ],
            "bgp_community": "",
            "ddos_protection_plan": [],
            "dns_servers": [],
            "edge_zone": "",
            "encryption": [],
            "flow_timeout_in_minutes": 0,
            "guid": "1daae624-3999-4a25-bc0b-de2beb3bee1f",
            "id": "/subscriptions/4b4511ba-165a-4df2-be28-75937cfe1031/resourceGroups/rg-webapp/providers/Microsoft.Network/virtualNetworks/vnet-webapp",
            "ip_address_pool": [],
            "location": "eastasia",
            "name": "vnet-webapp",
            "private_endpoint_vnet_policies": "Disabled",
            "resource_group_name": "rg-webapp",
            "subnet": [
              {
                "address_prefixes": [
                  "10.1.0.0/24"
                ],
                "default_outbound_access_enabled": true,
                "delegation": [],
                "id": "/subscriptions/4b4511ba-165a-4df2-be28-75937cfe1031/resourceGroups/rg-webapp/providers/Microsoft.Network/virtualNetworks/vnet-webapp/subnets/subnet1",
                "name": "subnet1",
                "private_endpoint_network_policies": "Disabled",
                "private_link_service_network_policies_enabled": true,
                "route_table_id": "",
                "security_group": "/subscriptions/4b4511ba-165a-4df2-be28-75937cfe1031/resourceGroups/rg-webapp/providers/Microsoft.Network/networkSecurityGroups/rg-webapp-nsg",
                "service_endpoint": [],
                "service_endpoint_policy_ids": []
              }
            ],
            "tags": {
              "environment": "dev"
            },
            "timeouts": null
          },
          "sensitive_attributes": [],
          "identity_schema_version": 0,
          "identity": {
            "name": "vnet-webapp",
            "resource_group_name": "rg-webapp",
            "subscription_id": "4b4511ba-165a-4df2-be28-75937cfe1031"
          },
          "private": "eyJlMmJmYjczMC1lY2FhLTExZTYtOGY4OC0zNDM2M2JjN2M0YzAiOnsiY3JlYXRlIjoxODAwMDAwMDAwMDAwLCJkZWxldGUiOjE4MDAwMDAwMDAwMDAsInJlYWQiOjMwMDAwMDAwMDAwMCwidXBkYXRlIjoxODAwMDAwMDAwMDAwfX0=",
          "dependencies": [
            "azurerm_resource_group.rg-webapp"
          ]
        }
      ]
    }
  ],
  "check_results": null
}
